Microsoft Visual Studio Solution File, Format Version 11.00
# Visual Studio 2008

Project("{7F900CBD-CC68-59A2-8AE7-FE941A802A12}") = "Builder And Destroyer", "Assembly-CSharp-firstpass.csproj", "{EC99BAA3-62C0-59C9-C21E-86BAAABFC120}"
EndProject
Project("{7F900CBD-CC68-59A2-8AE7-FE941A802A12}") = "Builder And Destroyer", "Assembly-CSharp.csproj", "{6D6B677C-2539-31FC-D314-BD79E65A7BEC}"
EndProject
Project("{7F900CBD-CC68-59A2-8AE7-FE941A802A12}") = "Builder And Destroyer", "Assembly-CSharp-Editor.csproj", "{C122E554-C0BC-C2A0-DBA5-F304A6DABC87}"
EndProject
Global
	GlobalSection(SolutionConfigurationPlatforms) = preSolution
		Debug|Any CPU = Debug|Any CPU
		Release|Any CPU = Release|Any CPU
	EndGlobalSection
	GlobalSection(ProjectConfigurationPlatforms) = postSolution
		{EC99BAA3-62C0-59C9-C21E-86BAAABFC120}.Debug|Any CPU.ActiveCfg = Debug|Any CPU
		{EC99BAA3-62C0-59C9-C21E-86BAAABFC120}.Debug|Any CPU.Build.0 = Debug|Any CPU
		{EC99BAA3-62C0-59C9-C21E-86BAAABFC120}.Release|Any CPU.ActiveCfg = Release|Any CPU
		{EC99BAA3-62C0-59C9-C21E-86BAAABFC120}.Release|Any CPU.Build.0 = Release|Any CPU
		{6D6B677C-2539-31FC-D314-BD79E65A7BEC}.Debug|Any CPU.ActiveCfg = Debug|Any CPU
		{6D6B677C-2539-31FC-D314-BD79E65A7BEC}.Debug|Any CPU.Build.0 = Debug|Any CPU
		{6D6B677C-2539-31FC-D314-BD79E65A7BEC}.Release|Any CPU.ActiveCfg = Release|Any CPU
		{6D6B677C-2539-31FC-D314-BD79E65A7BEC}.Release|Any CPU.Build.0 = Release|Any CPU
		{C122E554-C0BC-C2A0-DBA5-F304A6DABC87}.Debug|Any CPU.ActiveCfg = Debug|Any CPU
		{C122E554-C0BC-C2A0-DBA5-F304A6DABC87}.Debug|Any CPU.Build.0 = Debug|Any CPU
		{C122E554-C0BC-C2A0-DBA5-F304A6DABC87}.Release|Any CPU.ActiveCfg = Release|Any CPU
		{C122E554-C0BC-C2A0-DBA5-F304A6DABC87}.Release|Any CPU.Build.0 = Release|Any CPU
	EndGlobalSection
	GlobalSection(SolutionProperties) = preSolution
		HideSolutionNode = FALSE
	EndGlobalSection
																	GlobalSection(MonoDevelopProperties) = preSolution
		StartupItem = Assembly-CSharp.csproj
		Policies = $0
		$0.TextStylePolicy = $1
		$1.inheritsSet = null
		$1.scope = text/x-csharp
		$0.CSharpFormattingPolicy = $2
		$2.inheritsSet = Mono
		$2.inheritsScope = text/x-csharp
		$2.scope = text/x-csharp
		$0.TextStylePolicy = $3
		$3.FileWidth = 120
		$3.TabWidth = 4
		$3.IndentWidth = 4
		$3.EolMarker = Unix
		$3.inheritsSet = Mono
		$3.inheritsScope = text/plain
		$3.scope = text/plain
	EndGlobalSection

EndGlobal
